
Microsoft Visual Studio Solution File, Format Version 12.00
# Visual Studio Version 16
VisualStudioVersion = 16.0.30711.63
MinimumVisualStudioVersion = 10.0.40219.1
Project("{FAE04EC0-301F-11D3-BF4B-00C04F79EFBC}") = "FontParser", "FontParser\FontParser.csproj", "{54AF3476-3DC3-4DD6-96F6-BC1FBB01A4CA}"
EndProject
Project("{FAE04EC0-301F-11D3-BF4B-00C04F79EFBC}") = "FontParserTests", "..\..\test\FontParserTests\FontParserTests.csproj", "{2D2F393B-0375-4CCB-866C-F203DEAF3B24}"
EndProject
Global
	GlobalSection(SolutionConfigurationPlatforms) = preSolution
		Debug|Any CPU = Debug|Any CPU
		Release|Any CPU = Release|Any CPU
	EndGlobalSection
	GlobalSection(ProjectConfigurationPlatforms) = postSolution
		{54AF3476-3DC3-4DD6-96F6-BC1FBB01A4CA}.Debug|Any CPU.ActiveCfg = Debug|Any CPU
		{54AF3476-3DC3-4DD6-96F6-BC1FBB01A4CA}.Debug|Any CPU.Build.0 = Debug|Any CPU
		{54AF3476-3DC3-4DD6-96F6-BC1FBB01A4CA}.Release|Any CPU.ActiveCfg = Release|Any CPU
		{54AF3476-3DC3-4DD6-96F6-BC1FBB01A4CA}.Release|Any CPU.Build.0 = Release|Any CPU
		{2D2F393B-0375-4CCB-866C-F203DEAF3B24}.Debug|Any CPU.ActiveCfg = Debug|Any CPU
		{2D2F393B-0375-4CCB-866C-F203DEAF3B24}.Debug|Any CPU.Build.0 = Debug|Any CPU
		{2D2F393B-0375-4CCB-866C-F203DEAF3B24}.Release|Any CPU.ActiveCfg = Release|Any CPU
		{2D2F393B-0375-4CCB-866C-F203DEAF3B24}.Release|Any CPU.Build.0 = Release|Any CPU
	EndGlobalSection
	GlobalSection(SolutionProperties) = preSolution
		HideSolutionNode = FALSE
	EndGlobalSection
	GlobalSection(ExtensibilityGlobals) = postSolution
		SolutionGuid = {672429BD-220B-4AB6-96FD-B7748B640AEC}
	EndGlobalSection
EndGlobal
